// !$*UTF8*$!
{
	archiveVersion = 1;
	classes = {
	};
	objectVersion = 48;
	objects = {

/* Begin PBXBuildFile section */
		5A334AF720473B58000AE607 /* AppDelegate.swift in Sources */ = {isa = PBXBuildFile; fileRef = 5A334AF620473B58000AE607 /* AppDelegate.swift */; };
		5A334AF920473B58000AE607 /* ViewController.swift in Sources */ = {isa = PBXBuildFile; fileRef = 5A334AF820473B58000AE607 /* ViewController.swift */; };
		5A334AFC20473B58000AE607 /* Main.storyboard in Resources */ = {isa = PBXBuildFile; fileRef = 5A334AFA20473B58000AE607 /* Main.storyboard */; };
		5A334AFE20473B58000AE607 /* Assets.xcassets in Resources */ = {isa = PBXBuildFile; fileRef = 5A334AFD20473B58000AE607 /* Assets.xcassets */; };
		5A334B0120473B58000AE607 /* LaunchScreen.storyboard in Resources */ = {isa = PBXBuildFile; fileRef = 5A334AFF20473B58000AE607 /* LaunchScreen.storyboard */; };
		5A334B0C20473B58000AE607 /* ImageRecognitionTestTests.swift in Sources */ = {isa = PBXBuildFile; fileRef = 5A334B0B20473B58000AE607 /* ImageRecognitionTestTests.swift */; };
		5A334B1720473B58000AE607 /* ImageRecognitionTestUITests.swift in Sources */ = {isa = PBXBuildFile; fileRef = 5A334B1620473B58000AE607 /* ImageRecognitionTestUITests.swift */; };
		5A334B2620473D44000AE607 /* MobileNet.mlmodel in Sources */ = {isa = PBXBuildFile; fileRef = 5A334B2520473D44000AE607 /* MobileNet.mlmodel */; };
		5A334B2A20473E0C000AE607 /* ImageToPixelBufferConverter.swift in Sources */ = {isa = PBXBuildFile; fileRef = 5A334B2920473E0C000AE607 /* ImageToPixelBufferConverter.swift */; };
/* End PBXBuildFile section */

/* Begin PBXContainerItemProxy section */
		5A334B0820473B58000AE607 /* PBXContainerItemProxy */ = {
			isa = PBXContainerItemProxy;
			containerPortal = 5A334AEB20473B58000AE607 /* Project object */;
			proxyType = 1;
			remoteGlobalIDString = 5A334AF220473B58000AE607;
			remoteInfo = ImageRecognitionTest;
		};
		5A334B1320473B58000AE607 /* PBXContainerItemProxy */ = {
			isa = PBXContainerItemProxy;
			containerPortal = 5A334AEB20473B58000AE607 /* Project object */;
			proxyType = 1;
			remoteGlobalIDString = 5A334AF220473B58000AE607;
			remoteInfo = ImageRecognitionTest;
		};
/* End PBXContainerItemProxy section */

/* Begin PBXFileReference section */
		5A334AF320473B58000AE607 /* ImageRecognitionTest.app */ = {isa = PBXFileReference; explicitFileType = wrapper.application; includeInIndex = 0; path = ImageRecognitionTest.app; sourceTree = BUILT_PRODUCTS_DIR; };
		5A334AF620473B58000AE607 /* AppDelegate.swift */ = {isa = PBXFileReference; lastKnownFileType = sourcecode.swift; path = AppDelegate.swift; sourceTree = "<group>"; };
		5A334AF820473B58000AE607 /* ViewController.swift */ = {isa = PBXFileReference; lastKnownFileType = sourcecode.swift; path = ViewController.swift; sourceTree = "<group>"; };
		5A334AFB20473B58000AE607 /* Base */ = {isa = PBXFileReference; lastKnownFileType = file.storyboard; name = Base; path = Base.lproj/Main.storyboard; sourceTree = "<group>"; };
		5A334AFD20473B58000AE607 /* Assets.xcassets */ = {isa = PBXFileReference; lastKnownFileType = folder.assetcatalog; path = Assets.xcassets; sourceTree = "<group>"; };
		5A334B0020473B58000AE607 /* Base */ = {isa = PBXFileReference; lastKnownFileType = file.storyboard; name = Base; path = Base.lproj/LaunchScreen.storyboard; sourceTree = "<group>"; };
		5A334B0220473B58000AE607 /* Info.plist */ = {isa = PBXFileReference; lastKnownFileType = text.plist.xml; path = Info.plist; sourceTree = "<group>"; };
		5A334B0720473B58000AE607 /* ImageRecognitionTestTests.xctest */ = {isa = PBXFileReference; explicitFileType = wrapper.cfbundle; includeInIndex = 0; path = ImageRecognitionTestTests.xctest; sourceTree = BUILT_PRODUCTS_DIR; };
		5A334B0B20473B58000AE607 /* ImageRecognitionTestTests.swift */ = {isa = PBXFileReference; lastKnownFileType = sourcecode.swift; path = ImageRecognitionTestTests.swift; sourceTree = "<group>"; };
		5A334B0D20473B58000AE607 /* Info.plist */ = {isa = PBXFileReference; lastKnownFileType = text.plist.xml; path = Info.plist; sourceTree = "<group>"; };
		5A334B1220473B58000AE607 /* ImageRecognitionTestUITests.xctest */ = {isa = PBXFileReference; explicitFileType = wrapper.cfbundle; includeInIndex = 0; path = ImageRecognitionTestUITests.xctest; sourceTree = BUILT_PRODUCTS_DIR; };
		5A334B1620473B58000AE607 /* ImageRecognitionTestUITests.swift */ = {isa = PBXFileReference; lastKnownFileType = sourcecode.swift; path = ImageRecognitionTestUITests.swift; sourceTree = "<group>"; };
		5A334B1820473B58000AE607 /* Info.plist */ = {isa = PBXFileReference; lastKnownFileType = text.plist.xml; path = Info.plist; sourceTree = "<group>"; };
		5A334B2520473D44000AE607 /* MobileNet.mlmodel */ = {isa = PBXFileReference; lastKnownFileType = file.mlmodel; path = MobileNet.mlmodel; sourceTree = "<group>"; };
		5A334B2920473E0C000AE607 /* ImageToPixelBufferConverter.swift */ = {isa = PBXFileReference; lastKnownFileType = sourcecode.swift; path = ImageToPixelBufferConverter.swift; sourceTree = "<group>"; };
/* End PBXFileReference section */

/* Begin PBXFrameworksBuildPhase section */
		5A334AF020473B58000AE607 /* Frameworks */ = {
			isa = PBXFrameworksBuildPhase;
			buildActionMask = 2147483647;
			files = (
			);
			runOnlyForDeploymentPostprocessing = 0;
		};
		5A334B0420473B58000AE607 /* Frameworks */ = {
			isa = PBXFrameworksBuildPhase;
			buildActionMask = 2147483647;
			files = (
			);
			runOnlyForDeploymentPostprocessing = 0;
		};
		5A334B0F20473B58000AE607 /* Frameworks */ = {
			isa = PBXFrameworksBuildPhase;
			buildActionMask = 2147483647;
			files = (
			);
			runOnlyForDeploymentPostprocessing = 0;
		};
/* End PBXFrameworksBuildPhase section */

/* Begin PBXGroup section */
		5A334AEA20473B58000AE607 = {
			isa = PBXGroup;
			children = (
				5A334AF520473B58000AE607 /* ImageRecognitionTest */,
				5A334B0A20473B58000AE607 /* ImageRecognitionTestTests */,
				5A334B1520473B58000AE607 /* ImageRecognitionTestUITests */,
				5A334AF420473B58000AE607 /* Products */,
			);
			sourceTree = "<group>";
		};
		5A334AF420473B58000AE607 /* Products */ = {
			isa = PBXGroup;
			children = (
				5A334AF320473B58000AE607 /* ImageRecognitionTest.app */,
				5A334B0720473B58000AE607 /* ImageRecognitionTestTests.xctest */,
				5A334B1220473B58000AE607 /* ImageRecognitionTestUITests.xctest */,
			);
			name = Products;
			sourceTree = "<group>";
		};
		5A334AF520473B58000AE607 /* ImageRecognitionTest */ = {
			isa = PBXGroup;
			children = (
				5A334AF820473B58000AE607 /* ViewController.swift */,
				5A334B2820473E00000AE607 /* Converters */,
				5A334B2420473D28000AE607 /* MLModels */,
				5A334AF620473B58000AE607 /* AppDelegate.swift */,
				5A334AFA20473B58000AE607 /* Main.storyboard */,
				5A334AFD20473B58000AE607 /* Assets.xcassets */,
				5A334AFF20473B58000AE607 /* LaunchScreen.storyboard */,
				5A334B0220473B58000AE607 /* Info.plist */,
			);
			path = ImageRecognitionTest;
			sourceTree = "<group>";
		};
		5A334B0A20473B58000AE607 /* ImageRecognitionTestTests */ = {
			isa = PBXGroup;
			children = (
				5A334B0B20473B58000AE607 /* ImageRecognitionTestTests.swift */,
				5A334B0D20473B58000AE607 /* Info.plist */,
			);
			path = ImageRecognitionTestTests;
			sourceTree = "<group>";
		};
		5A334B1520473B58000AE607 /* ImageRecognitionTestUITests */ = {
			isa = PBXGroup;
			children = (
				5A334B1620473B58000AE607 /* ImageRecognitionTestUITests.swift */,
				5A334B1820473B58000AE607 /* Info.plist */,
			);
			path = ImageRecognitionTestUITests;
			sourceTree = "<group>";
		};
		5A334B2420473D28000AE607 /* MLModels */ = {
			isa = PBXGroup;
			children = (
				5A334B2520473D44000AE607 /* MobileNet.mlmodel */,
			);
			path = MLModels;
			sourceTree = "<group>";
		};
		5A334B2820473E00000AE607 /* Converters */ = {
			isa = PBXGroup;
			children = (
				5A334B2920473E0C000AE607 /* ImageToPixelBufferConverter.swift */,
			);
			path = Converters;
			sourceTree = "<group>";
		};
/* End PBXGroup section */

/* Begin PBXNativeTarget section */
		5A334AF220473B58000AE607 /* ImageRecognitionTest */ = {
			isa = PBXNativeTarget;
			buildConfigurationList = 5A334B1B20473B58000AE607 /* Build configuration list for PBXNativeTarget "ImageRecognitionTest" */;
			buildPhases = (
				5A334AEF20473B58000AE607 /* Sources */,
				5A334AF020473B58000AE607 /* Frameworks */,
				5A334AF120473B58000AE607 /* Resources */,
			);
			buildRules = (
			);
			dependencies = (
			);
			name = ImageRecognitionTest;
			productName = ImageRecognitionTest;
			productReference = 5A334AF320473B58000AE607 /* ImageRecognitionTest.app */;
			productType = "com.apple.product-type.application";
		};
		5A334B0620473B58000AE607 /* ImageRecognitionTestTests */ = {
			isa = PBXNativeTarget;
			buildConfigurationList = 5A334B1E20473B58000AE607 /* Build configuration list for PBXNativeTarget "ImageRecognitionTestTests" */;
			buildPhases = (
				5A334B0320473B58000AE607 /* Sources */,
				5A334B0420473B58000AE607 /* Frameworks */,
				5A334B0520473B58000AE607 /* Resources */,
			);
			buildRules = (
			);
			dependencies = (
				5A334B0920473B58000AE607 /* PBXTargetDependency */,
			);
			name = ImageRecognitionTestTests;
			productName = ImageRecognitionTestTests;
			productReference = 5A334B0720473B58000AE607 /* ImageRecognitionTestTests.xctest */;
			productType = "com.apple.product-type.bundle.unit-test";
		};
		5A334B1120473B58000AE607 /* ImageRecognitionTestUITests */ = {
			isa = PBXNativeTarget;
			buildConfigurationList = 5A334B2120473B58000AE607 /* Build configuration list for PBXNativeTarget "ImageRecognitionTestUITests" */;
			buildPhases = (
				5A334B0E20473B58000AE607 /* Sources */,
				5A334B0F20473B58000AE607 /* Frameworks */,
				5A334B1020473B58000AE607 /* Resources */,
			);
			buildRules = (
			);
			dependencies = (
				5A334B1420473B58000AE607 /* PBXTargetDependency */,
			);
			name = ImageRecognitionTestUITests;
			productName = ImageRecognitionTestUITests;
			productReference = 5A334B1220473B58000AE607 /* ImageRecognitionTestUITests.xctest */;
			productType = "com.apple.product-type.bundle.ui-testing";
		};
/* End PBXNativeTarget section */

/* Begin PBXProject section */
		5A334AEB20473B58000AE607 /* Project object */ = {
			isa = PBXProject;
			attributes = {
				LastSwiftUpdateCheck = 0920;
				LastUpgradeCheck = 0920;
				ORGANIZATIONNAME = "Alexander Khitev";
				TargetAttributes = {
					5A334AF220473B58000AE607 = {
						CreatedOnToolsVersion = 9.2;
						ProvisioningStyle = Automatic;
					};
					5A334B0620473B58000AE607 = {
						CreatedOnToolsVersion = 9.2;
						ProvisioningStyle = Automatic;
						TestTargetID = 5A334AF220473B58000AE607;
					};
					5A334B1120473B58000AE607 = {
						CreatedOnToolsVersion = 9.2;
						ProvisioningStyle = Automatic;
						TestTargetID = 5A334AF220473B58000AE607;
					};
				};
			};
			buildConfigurationList = 5A334AEE20473B58000AE607 /* Build configuration list for PBXProject "ImageRecognitionTest" */;
			compatibilityVersion = "Xcode 8.0";
			developmentRegion = en;
			hasScannedForEncodings = 0;
			knownRegions = (
				en,
				Base,
			);
			mainGroup = 5A334AEA20473B58000AE607;
			productRefGroup = 5A334AF420473B58000AE607 /* Products */;
			projectDirPath = "";
			projectRoot = "";
			targets = (
				5A334AF220473B58000AE607 /* ImageRecognitionTest */,
				5A334B0620473B58000AE607 /* ImageRecognitionTestTests */,
				5A334B1120473B58000AE607 /* ImageRecognitionTestUITests */,
			);
		};
/* End PBXProject section */

/* Begin PBXResourcesBuildPhase section */
		5A334AF120473B58000AE607 /* Resources */ = {
			isa = PBXResourcesBuildPhase;
			buildActionMask = 2147483647;
			files = (
				5A334B0120473B58000AE607 /* LaunchScreen.storyboard in Resources */,
				5A334AFE20473B58000AE607 /* Assets.xcassets in Resources */,
				5A334AFC20473B58000AE607 /* Main.storyboard in Resources */,
			);
			runOnlyForDeploymentPostprocessing = 0;
		};
		5A334B0520473B58000AE607 /* Resources */ = {
			isa = PBXResourcesBuildPhase;
			buildActionMask = 2147483647;
			files = (
			);
			runOnlyForDeploymentPostprocessing = 0;
		};
		5A334B1020473B58000AE607 /* Resources */ = {
			isa = PBXResourcesBuildPhase;
			buildActionMask = 2147483647;
			files = (
			);
			runOnlyForDeploymentPostprocessing = 0;
		};
/* End PBXResourcesBuildPhase section */

/* Begin PBXSourcesBuildPhase section */
		5A334AEF20473B58000AE607 /* Sources */ = {
			isa = PBXSourcesBuildPhase;
			buildActionMask = 2147483647;
			files = (
				5A334AF920473B58000AE607 /* ViewController.swift in Sources */,
				5A334AF720473B58000AE607 /* AppDelegate.swift in Sources */,
				5A334B2A20473E0C000AE607 /* ImageToPixelBufferConverter.swift in Sources */,
				5A334B2620473D44000AE607 /* MobileNet.mlmodel in Sources */,
			);
			runOnlyForDeploymentPostprocessing = 0;
		};
		5A334B0320473B58000AE607 /* Sources */ = {
			isa = PBXSourcesBuildPhase;
			buildActionMask = 2147483647;
			files = (
				5A334B0C20473B58000AE607 /* ImageRecognitionTestTests.swift in Sources */,
			);
			runOnlyForDeploymentPostprocessing = 0;
		};
		5A334B0E20473B58000AE607 /* Sources */ = {
			isa = PBXSourcesBuildPhase;
			buildActionMask = 2147483647;
			files = (
				5A334B1720473B58000AE607 /* ImageRecognitionTestUITests.swift in Sources */,
			);
			runOnlyForDeploymentPostprocessing = 0;
		};
/* End PBXSourcesBuildPhase section */

/* Begin PBXTargetDependency section */
		5A334B0920473B58000AE607 /* PBXTargetDependency */ = {
			isa = PBXTargetDependency;
			target = 5A334AF220473B58000AE607 /* ImageRecognitionTest */;
			targetProxy = 5A334B0820473B58000AE607 /* PBXContainerItemProxy */;
		};
		5A334B1420473B58000AE607 /* PBXTargetDependency */ = {
			isa = PBXTargetDependency;
			target = 5A334AF220473B58000AE607 /* ImageRecognitionTest */;
			targetProxy = 5A334B1320473B58000AE607 /* PBXContainerItemProxy */;
		};
/* End PBXTargetDependency section */

/* Begin PBXVariantGroup section */
		5A334AFA20473B58000AE607 /* Main.storyboard */ = {
			isa = PBXVariantGroup;
			children = (
				5A334AFB20473B58000AE607 /* Base */,
			);
			name = Main.storyboard;
			sourceTree = "<group>";
		};
		5A334AFF20473B58000AE607 /* LaunchScreen.storyboard */ = {
			isa = PBXVariantGroup;
			children = (
				5A334B0020473B58000AE607 /* Base */,
			);
			name = LaunchScreen.storyboard;
			sourceTree = "<group>";
		};
/* End PBXVariantGroup section */

/* Begin XCBuildConfiguration section */
		5A334B1920473B58000AE607 /* Debug */ = {
			isa = XCBuildConfiguration;
			buildSettings = {
				ALWAYS_SEARCH_USER_PATHS = NO;
				CLANG_ANALYZER_NONNULL = YES;
				CLANG_ANALYZER_NUMBER_OBJECT_CONVERSION = YES_AGGRESSIVE;
				CLANG_CXX_LANGUAGE_STANDARD = "gnu++14";
				CLANG_CXX_LIBRARY = "libc++";
				CLANG_ENABLE_MODULES = YES;
				CLANG_ENABLE_OBJC_ARC = YES;
				CLANG_WARN_BLOCK_CAPTURE_AUTORELEASING = YES;
				CLANG_WARN_BOOL_CONVERSION = YES;
				CLANG_WARN_COMMA = YES;
				CLANG_WARN_CONSTANT_CONVERSION = YES;
				CLANG_WARN_DIRECT_OBJC_ISA_USAGE = YES_ERROR;
				CLANG_WARN_DOCUMENTATION_COMMENTS = YES;
				CLANG_WARN_EMPTY_BODY = YES;
				CLANG_WARN_ENUM_CONVERSION = YES;
				CLANG_WARN_INFINITE_RECURSION = YES;
				CLANG_WARN_INT_CONVERSION = YES;
				CLANG_WARN_NON_LITERAL_NULL_CONVERSION = YES;
				CLANG_WARN_OBJC_LITERAL_CONVERSION = YES;
				CLANG_WARN_OBJC_ROOT_CLASS = YES_ERROR;
				CLANG_WARN_RANGE_LOOP_ANALYSIS = YES;
				CLANG_WARN_STRICT_PROTOTYPES = YES;
				CLANG_WARN_SUSPICIOUS_MOVE = YES;
				CLANG_WARN_UNGUARDED_AVAILABILITY = YES_AGGRESSIVE;
				CLANG_WARN_UNREACHABLE_CODE = YES;
				CLANG_WARN__DUPLICATE_METHOD_MATCH = YES;
				CODE_SIGN_IDENTITY = "iPhone Developer";
				COPY_PHASE_STRIP = NO;
				DEBUG_INFORMATION_FORMAT = dwarf;
				ENABLE_STRICT_OBJC_MSGSEND = YES;
				ENABLE_TESTABILITY = YES;
				GCC_C_LANGUAGE_STANDARD = gnu11;
				GCC_DYNAMIC_NO_PIC = NO;
				GCC_NO_COMMON_BLOCKS = YES;
				GCC_OPTIMIZATION_LEVEL = 0;
				GCC_PREPROCESSOR_DEFINITIONS = (
					"DEBUG=1",
					"$(inherited)",
				);
				GCC_WARN_64_TO_32_BIT_CONVERSION = YES;
				GCC_WARN_ABOUT_RETURN_TYPE = YES_ERROR;
				GCC_WARN_UNDECLARED_SELECTOR = YES;
				GCC_WARN_UNINITIALIZED_AUTOS = YES_AGGRESSIVE;
				GCC_WARN_UNUSED_FUNCTION = YES;
				GCC_WARN_UNUSED_VARIABLE = YES;
				IPHONEOS_DEPLOYMENT_TARGET = 11.2;
				MTL_ENABLE_DEBUG_INFO = YES;
				ONLY_ACTIVE_ARCH = YES;
				SDKROOT = iphoneos;
				SWIFT_ACTIVE_COMPILATION_CONDITIONS = DEBUG;
				SWIFT_OPTIMIZATION_LEVEL = "-Onone";
			};
			name = Debug;
		};
		5A334B1A20473B58000AE607 /* Release */ = {
			isa = XCBuildConfiguration;
			buildSettings = {
				ALWAYS_SEARCH_USER_PATHS = NO;
				CLANG_ANALYZER_NONNULL = YES;
				CLANG_ANALYZER_NUMBER_OBJECT_CONVERSION = YES_AGGRESSIVE;
				CLANG_CXX_LANGUAGE_STANDARD = "gnu++14";
				CLANG_CXX_LIBRARY = "libc++";
				CLANG_ENABLE_MODULES = YES;
				CLANG_ENABLE_OBJC_ARC = YES;
				CLANG_WARN_BLOCK_CAPTURE_AUTORELEASING = YES;
				CLANG_WARN_BOOL_CONVERSION = YES;
				CLANG_WARN_COMMA = YES;
				CLANG_WARN_CONSTANT_CONVERSION = YES;
				CLANG_WARN_DIRECT_OBJC_ISA_USAGE = YES_ERROR;
				CLANG_WARN_DOCUMENTATION_COMMENTS = YES;
				CLANG_WARN_EMPTY_BODY = YES;
				CLANG_WARN_ENUM_CONVERSION = YES;
				CLANG_WARN_INFINITE_RECURSION = YES;
				CLANG_WARN_INT_CONVERSION = YES;
				CLANG_WARN_NON_LITERAL_NULL_CONVERSION = YES;
				CLANG_WARN_OBJC_LITERAL_CONVERSION = YES;
				CLANG_WARN_OBJC_ROOT_CLASS = YES_ERROR;
				CLANG_WARN_RANGE_LOOP_ANALYSIS = YES;
				CLANG_WARN_STRICT_PROTOTYPES = YES;
				CLANG_WARN_SUSPICIOUS_MOVE = YES;
				CLANG_WARN_UNGUARDED_AVAILABILITY = YES_AGGRESSIVE;
				CLANG_WARN_UNREACHABLE_CODE = YES;
				CLANG_WARN__DUPLICATE_METHOD_MATCH = YES;
				CODE_SIGN_IDENTITY = "iPhone Developer";
				COPY_PHASE_STRIP = NO;
				DEBUG_INFORMATION_FORMAT = "dwarf-with-dsym";
				ENABLE_NS_ASSERTIONS = NO;
				ENABLE_STRICT_OBJC_MSGSEND = YES;
				GCC_C_LANGUAGE_STANDARD = gnu11;
				GCC_NO_COMMON_BLOCKS = YES;
				GCC_WARN_64_TO_32_BIT_CONVERSION = YES;
				GCC_WARN_ABOUT_RETURN_TYPE = YES_ERROR;
				GCC_WARN_UNDECLARED_SELECTOR = YES;
				GCC_WARN_UNINITIALIZED_AUTOS = YES_AGGRESSIVE;
				GCC_WARN_UNUSED_FUNCTION = YES;
				GCC_WARN_UNUSED_VARIABLE = YES;
				IPHONEOS_DEPLOYMENT_TARGET = 11.2;
				MTL_ENABLE_DEBUG_INFO = NO;
				SDKROOT = iphoneos;
				SWIFT_OPTIMIZATION_LEVEL = "-Owholemodule";
				VALIDATE_PRODUCT = YES;
			};
			name = Release;
		};
		5A334B1C20473B58000AE607 /* Debug */ = {
			isa = XCBuildConfiguration;
			buildSettings = {
				ASSETCATALOG_COMPILER_APPICON_NAME = AppIcon;
				CODE_SIGN_STYLE = Automatic;
				DEVELOPMENT_TEAM = VAP78DWP64;
				INFOPLIST_FILE = ImageRecognitionTest/Info.plist;
				LD_RUNPATH_SEARCH_PATHS = "$(inherited) @executable_path/Frameworks";
				PRODUCT_BUNDLE_IDENTIFIER = com.khitev.ImageRecognitionTest;
				PRODUCT_NAME = "$(TARGET_NAME)";
				SWIFT_VERSION = 4.0;
				TARGETED_DEVICE_FAMILY = "1,2";
			};
			name = Debug;
		};
		5A334B1D20473B58000AE607 /* Release */ = {
			isa = XCBuildConfiguration;
			buildSettings = {
				ASSETCATALOG_COMPILER_APPICON_NAME = AppIcon;
				CODE_SIGN_STYLE = Automatic;
				DEVELOPMENT_TEAM = VAP78DWP64;
				INFOPLIST_FILE = ImageRecognitionTest/Info.plist;
				LD_RUNPATH_SEARCH_PATHS = "$(inherited) @executable_path/Frameworks";
				PRODUCT_BUNDLE_IDENTIFIER = com.khitev.ImageRecognitionTest;
				PRODUCT_NAME = "$(TARGET_NAME)";
				SWIFT_VERSION = 4.0;
				TARGETED_DEVICE_FAMILY = "1,2";
			};
			name = Release;
		};
		5A334B1F20473B58000AE607 /* Debug */ = {
			isa = XCBuildConfiguration;
			buildSettings = {
				ALWAYS_EMBED_SWIFT_STANDARD_LIBRARIES = YES;
				BUNDLE_LOADER = "$(TEST_HOST)";
				CODE_SIGN_STYLE = Automatic;
				DEVELOPMENT_TEAM = VAP78DWP64;
				INFOPLIST_FILE = ImageRecognitionTestTests/Info.plist;
				LD_RUNPATH_SEARCH_PATHS = "$(inherited) @executable_path/Frameworks @loader_path/Frameworks";
				PRODUCT_BUNDLE_IDENTIFIER = com.khitev.ImageRecognitionTestTests;
				PRODUCT_NAME = "$(TARGET_NAME)";
				SWIFT_VERSION = 4.0;
				TARGETED_DEVICE_FAMILY = "1,2";
				TEST_HOST = "$(BUILT_PRODUCTS_DIR)/ImageRecognitionTest.app/ImageRecognitionTest";
			};
			name = Debug;
		};
		5A334B2020473B58000AE607 /* Release */ = {
			isa = XCBuildConfiguration;
			buildSettings = {
				ALWAYS_EMBED_SWIFT_STANDARD_LIBRARIES = YES;
				BUNDLE_LOADER = "$(TEST_HOST)";
				CODE_SIGN_STYLE = Automatic;
				DEVELOPMENT_TEAM = VAP78DWP64;
				INFOPLIST_FILE = ImageRecognitionTestTests/Info.plist;
				LD_RUNPATH_SEARCH_PATHS = "$(inherited) @executable_path/Frameworks @loader_path/Frameworks";
				PRODUCT_BUNDLE_IDENTIFIER = com.khitev.ImageRecognitionTestTests;
				PRODUCT_NAME = "$(TARGET_NAME)";
				SWIFT_VERSION = 4.0;
				TARGETED_DEVICE_FAMILY = "1,2";
				TEST_HOST = "$(BUILT_PRODUCTS_DIR)/ImageRecognitionTest.app/ImageRecognitionTest";
			};
			name = Release;
		};
		5A334B2220473B58000AE607 /* Debug */ = {
			isa = XCBuildConfiguration;
			buildSettings = {
				ALWAYS_EMBED_SWIFT_STANDARD_LIBRARIES = YES;
				CODE_SIGN_STYLE = Automatic;
				DEVELOPMENT_TEAM = VAP78DWP64;
				INFOPLIST_FILE = ImageRecognitionTestUITests/Info.plist;
				LD_RUNPATH_SEARCH_PATHS = "$(inherited) @executable_path/Frameworks @loader_path/Frameworks";
				PRODUCT_BUNDLE_IDENTIFIER = com.khitev.ImageRecognitionTestUITests;
				PRODUCT_NAME = "$(TARGET_NAME)";
				SWIFT_VERSION = 4.0;
				TARGETED_DEVICE_FAMILY = "1,2";
				TEST_TARGET_NAME = ImageRecognitionTest;
			};
			name = Debug;
		};
		5A334B2320473B58000AE607 /* Release */ = {
			isa = XCBuildConfiguration;
			buildSettings = {
				ALWAYS_EMBED_SWIFT_STANDARD_LIBRARIES = YES;
				CODE_SIGN_STYLE = Automatic;
				DEVELOPMENT_TEAM = VAP78DWP64;
				INFOPLIST_FILE = ImageRecognitionTestUITests/Info.plist;
				LD_RUNPATH_SEARCH_PATHS = "$(inherited) @executable_path/Frameworks @loader_path/Frameworks";
				PRODUCT_BUNDLE_IDENTIFIER = com.khitev.ImageRecognitionTestUITests;
				PRODUCT_NAME = "$(TARGET_NAME)";
				SWIFT_VERSION = 4.0;
				TARGETED_DEVICE_FAMILY = "1,2";
				TEST_TARGET_NAME = ImageRecognitionTest;
			};
			name = Release;
		};
/* End XCBuildConfiguration section */

/* Begin XCConfigurationList section */
		5A334AEE20473B58000AE607 /* Build configuration list for PBXProject "ImageRecognitionTest" */ = {
			isa = XCConfigurationList;
			buildConfigurations = (
				5A334B1920473B58000AE607 /* Debug */,
				5A334B1A20473B58000AE607 /* Release */,
			);
			defaultConfigurationIsVisible = 0;
			defaultConfigurationName = Release;
		};
		5A334B1B20473B58000AE607 /* Build configuration list for PBXNativeTarget "ImageRecognitionTest" */ = {
			isa = XCConfigurationList;
			buildConfigurations = (
				5A334B1C20473B58000AE607 /* Debug */,
				5A334B1D20473B58000AE607 /* Release */,
			);
			defaultConfigurationIsVisible = 0;
			defaultConfigurationName = Release;
		};
		5A334B1E20473B58000AE607 /* Build configuration list for PBXNativeTarget "ImageRecognitionTestTests" */ = {
			isa = XCConfigurationList;
			buildConfigurations = (
				5A334B1F20473B58000AE607 /* Debug */,
				5A334B2020473B58000AE607 /* Release */,
			);
			defaultConfigurationIsVisible = 0;
			defaultConfigurationName = Release;
		};
		5A334B2120473B58000AE607 /* Build configuration list for PBXNativeTarget "ImageRecognitionTestUITests" */ = {
			isa = XCConfigurationList;
			buildConfigurations = (
				5A334B2220473B58000AE607 /* Debug */,
				5A334B2320473B58000AE607 /* Release */,
			);
			defaultConfigurationIsVisible = 0;
			defaultConfigurationName = Release;
		};
/* End XCConfigurationList section */
	};
	rootObject = 5A334AEB20473B58000AE607 /* Project object */;
}
